// !$*UTF8*$!
{
	archiveVersion = 1;
	classes = {
	};
	objectVersion = 77;
	objects = {

/* Begin PBXContainerItemProxy section */
		677027A42CC0662F00CEC42C /* PBXContainerItemProxy */ = {
			isa = PBXContainerItemProxy;
			containerPortal = 6770278B2CC0662D00CEC42C /* Project object */;
			proxyType = 1;
			remoteGlobalIDString = 677027922CC0662D00CEC42C;
			remoteInfo = MidtermKunalB;
		};
		677027AE2CC0662F00CEC42C /* PBXContainerItemProxy */ = {
			isa = PBXContainerItemProxy;
			containerPortal = 6770278B2CC0662D00CEC42C /* Project object */;
			proxyType = 1;
			remoteGlobalIDString = 677027922CC0662D00CEC42C;
			remoteInfo = MidtermKunalB;
		};
/* End PBXContainerItemProxy section */

/* Begin PBXFileReference section */
		677027932CC0662D00CEC42C /* MidtermKunalB.app */ = {isa = PBXFileReference; explicitFileType = wrapper.application; includeInIndex = 0; path = MidtermKunalB.app; sourceTree = BUILT_PRODUCTS_DIR; };
		677027A32CC0662F00CEC42C /* MidtermKunalBTests.xctest */ = {isa = PBXFileReference; explicitFileType = wrapper.cfbundle; includeInIndex = 0; path = MidtermKunalBTests.xctest; sourceTree = BUILT_PRODUCTS_DIR; };
		677027AD2CC0662F00CEC42C /* MidtermKunalBUITests.xctest */ = {isa = PBXFileReference; explicitFileType = wrapper.cfbundle; includeInIndex = 0; path = MidtermKunalBUITests.xctest; sourceTree = BUILT_PRODUCTS_DIR; };
/* End PBXFileReference section */

/* Begin PBXFileSystemSynchronizedRootGroup section */
		677027952CC0662D00CEC42C /* MidtermKunalB */ = {
			isa = PBXFileSystemSynchronizedRootGroup;
			path = MidtermKunalB;
			sourceTree = "<group>";
		};
		677027A62CC0662F00CEC42C /* MidtermKunalBTests */ = {
			isa = PBXFileSystemSynchronizedRootGroup;
			path = MidtermKunalBTests;
			sourceTree = "<group>";
		};
		677027B02CC0662F00CEC42C /* MidtermKunalBUITests */ = {
			isa = PBXFileSystemSynchronizedRootGroup;
			path = MidtermKunalBUITests;
			sourceTree = "<group>";
		};
/* End PBXFileSystemSynchronizedRootGroup section */

/* Begin PBXFrameworksBuildPhase section */
		677027902CC0662D00CEC42C /* Frameworks */ = {
			isa = PBXFrameworksBuildPhase;
			buildActionMask = 2147483647;
			files = (
			);
			runOnlyForDeploymentPostprocessing = 0;
		};
		677027A02CC0662F00CEC42C /* Frameworks */ = {
			isa = PBXFrameworksBuildPhase;
			buildActionMask = 2147483647;
			files = (
			);
			runOnlyForDeploymentPostprocessing = 0;
		};
		677027AA2CC0662F00CEC42C /* Frameworks */ = {
			isa = PBXFrameworksBuildPhase;
			buildActionMask = 2147483647;
			files = (
			);
			runOnlyForDeploymentPostprocessing = 0;
		};
/* End PBXFrameworksBuildPhase section */

/* Begin PBXGroup section */
		6770278A2CC0662D00CEC42C = {
			isa = PBXGroup;
			children = (
				677027952CC0662D00CEC42C /* MidtermKunalB */,
				677027A62CC0662F00CEC42C /* MidtermKunalBTests */,
				677027B02CC0662F00CEC42C /* MidtermKunalBUITests */,
				677027942CC0662D00CEC42C /* Products */,
			);
			sourceTree = "<group>";
		};
		677027942CC0662D00CEC42C /* Products */ = {
			isa = PBXGroup;
			children = (
				677027932CC0662D00CEC42C /* MidtermKunalB.app */,
				677027A32CC0662F00CEC42C /* MidtermKunalBTests.xctest */,
				677027AD2CC0662F00CEC42C /* MidtermKunalBUITests.xctest */,
			);
			name = Products;
			sourceTree = "<group>";
		};
/* End PBXGroup section */

/* Begin PBXNativeTarget section */
		677027922CC0662D00CEC42C /* MidtermKunalB */ = {
			isa = PBXNativeTarget;
			buildConfigurationList = 677027B72CC0662F00CEC42C /* Build configuration list for PBXNativeTarget "MidtermKunalB" */;
			buildPhases = (
				6770278F2CC0662D00CEC42C /* Sources */,
				677027902CC0662D00CEC42C /* Frameworks */,
				677027912CC0662D00CEC42C /* Resources */,
			);
			buildRules = (
			);
			dependencies = (
			);
			fileSystemSynchronizedGroups = (
				677027952CC0662D00CEC42C /* MidtermKunalB */,
			);
			name = MidtermKunalB;
			packageProductDependencies = (
			);
			productName = MidtermKunalB;
			productReference = 677027932CC0662D00CEC42C /* MidtermKunalB.app */;
			productType = "com.apple.product-type.application";
		};
		677027A22CC0662F00CEC42C /* MidtermKunalBTests */ = {
			isa = PBXNativeTarget;
			buildConfigurationList = 677027BA2CC0662F00CEC42C /* Build configuration list for PBXNativeTarget "MidtermKunalBTests" */;
			buildPhases = (
				6770279F2CC0662F00CEC42C /* Sources */,
				677027A02CC0662F00CEC42C /* Frameworks */,
				677027A12CC0662F00CEC42C /* Resources */,
			);
			buildRules = (
			);
			dependencies = (
				677027A52CC0662F00CEC42C /* PBXTargetDependency */,
			);
			fileSystemSynchronizedGroups = (
				677027A62CC0662F00CEC42C /* MidtermKunalBTests */,
			);
			name = MidtermKunalBTests;
			packageProductDependencies = (
			);
			productName = MidtermKunalBTests;
			productReference = 677027A32CC0662F00CEC42C /* MidtermKunalBTests.xctest */;
			productType = "com.apple.product-type.bundle.unit-test";
		};
		677027AC2CC0662F00CEC42C /* MidtermKunalBUITests */ = {
			isa = PBXNativeTarget;
			buildConfigurationList = 677027BD2CC0662F00CEC42C /* Build configuration list for PBXNativeTarget "MidtermKunalBUITests" */;
			buildPhases = (
				677027A92CC0662F00CEC42C /* Sources */,
				677027AA2CC0662F00CEC42C /* Frameworks */,
				677027AB2CC0662F00CEC42C /* Resources */,
			);
			buildRules = (
			);
			dependencies = (
				677027AF2CC0662F00CEC42C /* PBXTargetDependency */,
			);
			fileSystemSynchronizedGroups = (
				677027B02CC0662F00CEC42C /* MidtermKunalBUITests */,
			);
			name = MidtermKunalBUITests;
			packageProductDependencies = (
			);
			productName = MidtermKunalBUITests;
			productReference = 677027AD2CC0662F00CEC42C /* MidtermKunalBUITests.xctest */;
			productType = "com.apple.product-type.bundle.ui-testing";
		};
/* End PBXNativeTarget section */

/* Begin PBXProject section */
		6770278B2CC0662D00CEC42C /* Project object */ = {
			isa = PBXProject;
			attributes = {
				BuildIndependentTargetsInParallel = 1;
				LastSwiftUpdateCheck = 1600;
				LastUpgradeCheck = 1600;
				TargetAttributes = {
					677027922CC0662D00CEC42C = {
						CreatedOnToolsVersion = 16.0;
					};
					677027A22CC0662F00CEC42C = {
						CreatedOnToolsVersion = 16.0;
						TestTargetID = 677027922CC0662D00CEC42C;
					};
					677027AC2CC0662F00CEC42C = {
						CreatedOnToolsVersion = 16.0;
						TestTargetID = 677027922CC0662D00CEC42C;
					};
				};
			};
			buildConfigurationList = 6770278E2CC0662D00CEC42C /* Build configuration list for PBXProject "MidtermKunalB" */;
			developmentRegion = en;
			hasScannedForEncodings = 0;
			knownRegions = (
				en,
				Base,
			);
			mainGroup = 6770278A2CC0662D00CEC42C;
			minimizedProjectReferenceProxies = 1;
			preferredProjectObjectVersion = 77;
			productRefGroup = 677027942CC0662D00CEC42C /* Products */;
			projectDirPath = "";
			projectRoot = "";
			targets = (
				677027922CC0662D00CEC42C /* MidtermKunalB */,
				677027A22CC0662F00CEC42C /* MidtermKunalBTests */,
				677027AC2CC0662F00CEC42C /* MidtermKunalBUITests */,
			);
		};
/* End PBXProject section */

/* Begin PBXResourcesBuildPhase section */
		677027912CC0662D00CEC42C /* Resources */ = {
			isa = PBXResourcesBuildPhase;
			buildActionMask = 2147483647;
			files = (
			);
			runOnlyForDeploymentPostprocessing = 0;
		};
		677027A12CC0662F00CEC42C /* Resources */ = {
			isa = PBXResourcesBuildPhase;
			buildActionMask = 2147483647;
			files = (
			);
			runOnlyForDeploymentPostprocessing = 0;
		};
		677027AB2CC0662F00CEC42C /* Resources */ = {
			isa = PBXResourcesBuildPhase;
			buildActionMask = 2147483647;
			files = (
			);
			runOnlyForDeploymentPostprocessing = 0;
		};
/* End PBXResourcesBuildPhase section */

/* Begin PBXSourcesBuildPhase section */
		6770278F2CC0662D00CEC42C /* Sources */ = {
			isa = PBXSourcesBuildPhase;
			buildActionMask = 2147483647;
			files = (
			);
			runOnlyForDeploymentPostprocessing = 0;
		};
		6770279F2CC0662F00CEC42C /* Sources */ = {
			isa = PBXSourcesBuildPhase;
			buildActionMask = 2147483647;
			files = (
			);
			runOnlyForDeploymentPostprocessing = 0;
		};
		677027A92CC0662F00CEC42C /* Sources */ = {
			isa = PBXSourcesBuildPhase;
			buildActionMask = 2147483647;
			files = (
			);
			runOnlyForDeploymentPostprocessing = 0;
		};
/* End PBXSourcesBuildPhase section */

/* Begin PBXTargetDependency section */
		677027A52CC0662F00CEC42C /* PBXTargetDependency */ = {
			isa = PBXTargetDependency;
			target = 677027922CC0662D00CEC42C /* MidtermKunalB */;
			targetProxy = 677027A42CC0662F00CEC42C /* PBXContainerItemProxy */;
		};
		677027AF2CC0662F00CEC42C /* PBXTargetDependency */ = {
			isa = PBXTargetDependency;
			target = 677027922CC0662D00CEC42C /* MidtermKunalB */;
			targetProxy = 677027AE2CC0662F00CEC42C /* PBXContainerItemProxy */;
		};
/* End PBXTargetDependency section */

/* Begin XCBuildConfiguration section */
		677027B52CC0662F00CEC42C /* Debug */ = {
			isa = XCBuildConfiguration;
			buildSettings = {
				ALWAYS_SEARCH_USER_PATHS = NO;
				ASSETCATALOG_COMPILER_GENERATE_SWIFT_ASSET_SYMBOL_EXTENSIONS = YES;
				CLANG_ANALYZER_NONNULL = YES;
				CLANG_ANALYZER_NUMBER_OBJECT_CONVERSION = YES_AGGRESSIVE;
				CLANG_CXX_LANGUAGE_STANDARD = "gnu++20";
				CLANG_ENABLE_MODULES = YES;
				CLANG_ENABLE_OBJC_ARC = YES;
				CLANG_ENABLE_OBJC_WEAK = YES;
				CLANG_WARN_BLOCK_CAPTURE_AUTORELEASING = YES;
				CLANG_WARN_BOOL_CONVERSION = YES;
				CLANG_WARN_COMMA = YES;
				CLANG_WARN_CONSTANT_CONVERSION = YES;
				CLANG_WARN_DEPRECATED_OBJC_IMPLEMENTATIONS = YES;
				CLANG_WARN_DIRECT_OBJC_ISA_USAGE = YES_ERROR;
				CLANG_WARN_DOCUMENTATION_COMMENTS = YES;
				CLANG_WARN_EMPTY_BODY = YES;
				CLANG_WARN_ENUM_CONVERSION = YES;
				CLANG_WARN_INFINITE_RECURSION = YES;
				CLANG_WARN_INT_CONVERSION = YES;
				CLANG_WARN_NON_LITERAL_NULL_CONVERSION = YES;
				CLANG_WARN_OBJC_IMPLICIT_RETAIN_SELF = YES;
				CLANG_WARN_OBJC_LITERAL_CONVERSION = YES;
				CLANG_WARN_OBJC_ROOT_CLASS = YES_ERROR;
				CLANG_WARN_QUOTED_INCLUDE_IN_FRAMEWORK_HEADER = YES;
				CLANG_WARN_RANGE_LOOP_ANALYSIS = YES;
				CLANG_WARN_STRICT_PROTOTYPES = YES;
				CLANG_WARN_SUSPICIOUS_MOVE = YES;
				CLANG_WARN_UNGUARDED_AVAILABILITY = YES_AGGRESSIVE;
				CLANG_WARN_UNREACHABLE_CODE = YES;
				CLANG_WARN__DUPLICATE_METHOD_MATCH = YES;
				COPY_PHASE_STRIP = NO;
				DEBUG_INFORMATION_FORMAT = dwarf;
				ENABLE_STRICT_OBJC_MSGSEND = YES;
				ENABLE_TESTABILITY = YES;
				ENABLE_USER_SCRIPT_SANDBOXING = YES;
				GCC_C_LANGUAGE_STANDARD = gnu17;
				GCC_DYNAMIC_NO_PIC = NO;
				GCC_NO_COMMON_BLOCKS = YES;
				GCC_OPTIMIZATION_LEVEL = 0;
				GCC_PREPROCESSOR_DEFINITIONS = (
					"DEBUG=1",
					"$(inherited)",
				);
				GCC_WARN_64_TO_32_BIT_CONVERSION = YES;
				GCC_WARN_ABOUT_RETURN_TYPE = YES_ERROR;
				GCC_WARN_UNDECLARED_SELECTOR = YES;
				GCC_WARN_UNINITIALIZED_AUTOS = YES_AGGRESSIVE;
				GCC_WARN_UNUSED_FUNCTION = YES;
				GCC_WARN_UNUSED_VARIABLE = YES;
				IPHONEOS_DEPLOYMENT_TARGET = 18.0;
				LOCALIZATION_PREFERS_STRING_CATALOGS = YES;
				MTL_ENABLE_DEBUG_INFO = INCLUDE_SOURCE;
				MTL_FAST_MATH = YES;
				ONLY_ACTIVE_ARCH = YES;
				SDKROOT = iphoneos;
				SWIFT_ACTIVE_COMPILATION_CONDITIONS = "DEBUG $(inherited)";
				SWIFT_OPTIMIZATION_LEVEL = "-Onone";
			};
			name = Debug;
		};
		677027B62CC0662F00CEC42C /* Release */ = {
			isa = XCBuildConfiguration;
			buildSettings = {
				ALWAYS_SEARCH_USER_PATHS = NO;
				ASSETCATALOG_COMPILER_GENERATE_SWIFT_ASSET_SYMBOL_EXTENSIONS = YES;
				CLANG_ANALYZER_NONNULL = YES;
				CLANG_ANALYZER_NUMBER_OBJECT_CONVERSION = YES_AGGRESSIVE;
				CLANG_CXX_LANGUAGE_STANDARD = "gnu++20";
				CLANG_ENABLE_MODULES = YES;
				CLANG_ENABLE_OBJC_ARC = YES;
				CLANG_ENABLE_OBJC_WEAK = YES;
				CLANG_WARN_BLOCK_CAPTURE_AUTORELEASING = YES;
				CLANG_WARN_BOOL_CONVERSION = YES;
				CLANG_WARN_COMMA = YES;
				CLANG_WARN_CONSTANT_CONVERSION = YES;
				CLANG_WARN_DEPRECATED_OBJC_IMPLEMENTATIONS = YES;
				CLANG_WARN_DIRECT_OBJC_ISA_USAGE = YES_ERROR;
				CLANG_WARN_DOCUMENTATION_COMMENTS = YES;
				CLANG_WARN_EMPTY_BODY = YES;
				CLANG_WARN_ENUM_CONVERSION = YES;
				CLANG_WARN_INFINITE_RECURSION = YES;
				CLANG_WARN_INT_CONVERSION = YES;
				CLANG_WARN_NON_LITERAL_NULL_CONVERSION = YES;
				CLANG_WARN_OBJC_IMPLICIT_RETAIN_SELF = YES;
				CLANG_WARN_OBJC_LITERAL_CONVERSION = YES;
				CLANG_WARN_OBJC_ROOT_CLASS = YES_ERROR;
				CLANG_WARN_QUOTED_INCLUDE_IN_FRAMEWORK_HEADER = YES;
				CLANG_WARN_RANGE_LOOP_ANALYSIS = YES;
				CLANG_WARN_STRICT_PROTOTYPES = YES;
				CLANG_WARN_SUSPICIOUS_MOVE = YES;
				CLANG_WARN_UNGUARDED_AVAILABILITY = YES_AGGRESSIVE;
				CLANG_WARN_UNREACHABLE_CODE = YES;
				CLANG_WARN__DUPLICATE_METHOD_MATCH = YES;
				COPY_PHASE_STRIP = NO;
				DEBUG_INFORMATION_FORMAT = "dwarf-with-dsym";
				ENABLE_NS_ASSERTIONS = NO;
				ENABLE_STRICT_OBJC_MSGSEND = YES;
				ENABLE_USER_SCRIPT_SANDBOXING = YES;
				GCC_C_LANGUAGE_STANDARD = gnu17;
				GCC_NO_COMMON_BLOCKS = YES;
				GCC_WARN_64_TO_32_BIT_CONVERSION = YES;
				GCC_WARN_ABOUT_RETURN_TYPE = YES_ERROR;
				GCC_WARN_UNDECLARED_SELECTOR = YES;
				GCC_WARN_UNINITIALIZED_AUTOS = YES_AGGRESSIVE;
				GCC_WARN_UNUSED_FUNCTION = YES;
				GCC_WARN_UNUSED_VARIABLE = YES;
				IPHONEOS_DEPLOYMENT_TARGET = 18.0;
				LOCALIZATION_PREFERS_STRING_CATALOGS = YES;
				MTL_ENABLE_DEBUG_INFO = NO;
				MTL_FAST_MATH = YES;
				SDKROOT = iphoneos;
				SWIFT_COMPILATION_MODE = wholemodule;
				VALIDATE_PRODUCT = YES;
			};
			name = Release;
		};
		677027B82CC0662F00CEC42C /* Debug */ = {
			isa = XCBuildConfiguration;
			buildSettings = {
				ASSETCATALOG_COMPILER_APPICON_NAME = AppIcon;
				ASSETCATALOG_COMPILER_GLOBAL_ACCENT_COLOR_NAME = AccentColor;
				CODE_SIGN_STYLE = Automatic;
				CURRENT_PROJECT_VERSION = 1;
				DEVELOPMENT_ASSET_PATHS = "\"MidtermKunalB/Preview Content\"";
				ENABLE_PREVIEWS = YES;
				GENERATE_INFOPLIST_FILE = YES;
				INFOPLIST_KEY_UIApplicationSceneManifest_Generation = YES;
				INFOPLIST_KEY_UIApplicationSupportsIndirectInputEvents = YES;
				INFOPLIST_KEY_UILaunchScreen_Generation = YES;
				INFOPLIST_KEY_UISupportedInterfaceOrientations_iPad = "UIInterfaceOrientationPortrait UIInterfaceOrientationPortraitUpsideDown UIInterfaceOrientationLandscapeLeft UIInterfaceOrientationLandscapeRight";
				INFOPLIST_KEY_UISupportedInterfaceOrientations_iPhone = "UIInterfaceOrientationPortrait UIInterfaceOrientationLandscapeLeft UIInterfaceOrientationLandscapeRight";
				LD_RUNPATH_SEARCH_PATHS = (
					"$(inherited)",
					"@executable_path/Frameworks",
				);
				MARKETING_VERSION = 1.0;
				PRODUCT_BUNDLE_IDENTIFIER = ca.sheridan.MidtermKunalB;
				PRODUCT_NAME = "$(TARGET_NAME)";
				SWIFT_EMIT_LOC_STRINGS = YES;
				SWIFT_VERSION = 5.0;
				TARGETED_DEVICE_FAMILY = "1,2";
			};
			name = Debug;
		};
		677027B92CC0662F00CEC42C /* Release */ = {
			isa = XCBuildConfiguration;
			buildSettings = {
				ASSETCATALOG_COMPILER_APPICON_NAME = AppIcon;
				ASSETCATALOG_COMPILER_GLOBAL_ACCENT_COLOR_NAME = AccentColor;
				CODE_SIGN_STYLE = Automatic;
				CURRENT_PROJECT_VERSION = 1;
				DEVELOPMENT_ASSET_PATHS = "\"MidtermKunalB/Preview Content\"";
				ENABLE_PREVIEWS = YES;
				GENERATE_INFOPLIST_FILE = YES;
				INFOPLIST_KEY_UIApplicationSceneManifest_Generation = YES;
				INFOPLIST_KEY_UIApplicationSupportsIndirectInputEvents = YES;
				INFOPLIST_KEY_UILaunchScreen_Generation = YES;
				INFOPLIST_KEY_UISupportedInterfaceOrientations_iPad = "UIInterfaceOrientationPortrait UIInterfaceOrientationPortraitUpsideDown UIInterfaceOrientationLandscapeLeft UIInterfaceOrientationLandscapeRight";
				INFOPLIST_KEY_UISupportedInterfaceOrientations_iPhone = "UIInterfaceOrientationPortrait UIInterfaceOrientationLandscapeLeft UIInterfaceOrientationLandscapeRight";
				LD_RUNPATH_SEARCH_PATHS = (
					"$(inherited)",
					"@executable_path/Frameworks",
				);
				MARKETING_VERSION = 1.0;
				PRODUCT_BUNDLE_IDENTIFIER = ca.sheridan.MidtermKunalB;
				PRODUCT_NAME = "$(TARGET_NAME)";
				SWIFT_EMIT_LOC_STRINGS = YES;
				SWIFT_VERSION = 5.0;
				TARGETED_DEVICE_FAMILY = "1,2";
			};
			name = Release;
		};
		677027BB2CC0662F00CEC42C /* Debug */ = {
			isa = XCBuildConfiguration;
			buildSettings = {
				BUNDLE_LOADER = "$(TEST_HOST)";
				CODE_SIGN_STYLE = Automatic;
				CURRENT_PROJECT_VERSION = 1;
				GENERATE_INFOPLIST_FILE = YES;
				IPHONEOS_DEPLOYMENT_TARGET = 18.0;
				MARKETING_VERSION = 1.0;
				PRODUCT_BUNDLE_IDENTIFIER = ca.sheridan.MidtermKunalBTests;
				PRODUCT_NAME = "$(TARGET_NAME)";
				SWIFT_EMIT_LOC_STRINGS = NO;
				SWIFT_VERSION = 5.0;
				TARGETED_DEVICE_FAMILY = "1,2";
				TEST_HOST = "$(BUILT_PRODUCTS_DIR)/MidtermKunalB.app/$(BUNDLE_EXECUTABLE_FOLDER_PATH)/MidtermKunalB";
			};
			name = Debug;
		};
		677027BC2CC0662F00CEC42C /* Release */ = {
			isa = XCBuildConfiguration;
			buildSettings = {
				BUNDLE_LOADER = "$(TEST_HOST)";
				CODE_SIGN_STYLE = Automatic;
				CURRENT_PROJECT_VERSION = 1;
				GENERATE_INFOPLIST_FILE = YES;
				IPHONEOS_DEPLOYMENT_TARGET = 18.0;
				MARKETING_VERSION = 1.0;
				PRODUCT_BUNDLE_IDENTIFIER = ca.sheridan.MidtermKunalBTests;
				PRODUCT_NAME = "$(TARGET_NAME)";
				SWIFT_EMIT_LOC_STRINGS = NO;
				SWIFT_VERSION = 5.0;
				TARGETED_DEVICE_FAMILY = "1,2";
				TEST_HOST = "$(BUILT_PRODUCTS_DIR)/MidtermKunalB.app/$(BUNDLE_EXECUTABLE_FOLDER_PATH)/MidtermKunalB";
			};
			name = Release;
		};
		677027BE2CC0662F00CEC42C /* Debug */ = {
			isa = XCBuildConfiguration;
			buildSettings = {
				CODE_SIGN_STYLE = Automatic;
				CURRENT_PROJECT_VERSION = 1;
				GENERATE_INFOPLIST_FILE = YES;
				MARKETING_VERSION = 1.0;
				PRODUCT_BUNDLE_IDENTIFIER = ca.sheridan.MidtermKunalBUITests;
				PRODUCT_NAME = "$(TARGET_NAME)";
				SWIFT_EMIT_LOC_STRINGS = NO;
				SWIFT_VERSION = 5.0;
				TARGETED_DEVICE_FAMILY = "1,2";
				TEST_TARGET_NAME = MidtermKunalB;
			};
			name = Debug;
		};
		677027BF2CC0662F00CEC42C /* Release */ = {
			isa = XCBuildConfiguration;
			buildSettings = {
				CODE_SIGN_STYLE = Automatic;
				CURRENT_PROJECT_VERSION = 1;
				GENERATE_INFOPLIST_FILE = YES;
				MARKETING_VERSION = 1.0;
				PRODUCT_BUNDLE_IDENTIFIER = ca.sheridan.MidtermKunalBUITests;
				PRODUCT_NAME = "$(TARGET_NAME)";
				SWIFT_EMIT_LOC_STRINGS = NO;
				SWIFT_VERSION = 5.0;
				TARGETED_DEVICE_FAMILY = "1,2";
				TEST_TARGET_NAME = MidtermKunalB;
			};
			name = Release;
		};
/* End XCBuildConfiguration section */

/* Begin XCConfigurationList section */
		6770278E2CC0662D00CEC42C /* Build configuration list for PBXProject "MidtermKunalB" */ = {
			isa = XCConfigurationList;
			buildConfigurations = (
				677027B52CC0662F00CEC42C /* Debug */,
				677027B62CC0662F00CEC42C /* Release */,
			);
			defaultConfigurationIsVisible = 0;
			defaultConfigurationName = Release;
		};
		677027B72CC0662F00CEC42C /* Build configuration list for PBXNativeTarget "MidtermKunalB" */ = {
			isa = XCConfigurationList;
			buildConfigurations = (
				677027B82CC0662F00CEC42C /* Debug */,
				677027B92CC0662F00CEC42C /* Release */,
			);
			defaultConfigurationIsVisible = 0;
			defaultConfigurationName = Release;
		};
		677027BA2CC0662F00CEC42C /* Build configuration list for PBXNativeTarget "MidtermKunalBTests" */ = {
			isa = XCConfigurationList;
			buildConfigurations = (
				677027BB2CC0662F00CEC42C /* Debug */,
				677027BC2CC0662F00CEC42C /* Release */,
			);
			defaultConfigurationIsVisible = 0;
			defaultConfigurationName = Release;
		};
		677027BD2CC0662F00CEC42C /* Build configuration list for PBXNativeTarget "MidtermKunalBUITests" */ = {
			isa = XCConfigurationList;
			buildConfigurations = (
				677027BE2CC0662F00CEC42C /* Debug */,
				677027BF2CC0662F00CEC42C /* Release */,
			);
			defaultConfigurationIsVisible = 0;
			defaultConfigurationName = Release;
		};
/* End XCConfigurationList section */
	};
	rootObject = 6770278B2CC0662D00CEC42C /* Project object */;
}
